
Microsoft Visual Studio Solution File, Format Version 12.00
# Visual Studio Version 17
VisualStudioVersion = 17.4.33213.308
MinimumVisualStudioVersion = 10.0.40219.1
Project("{FAE04EC0-301F-11D3-BF4B-00C04F79EFBC}") = "Abby", "Abby\Abby.csproj", "{2EC368AE-130B-4527-A3EB-7395291BF970}"
EndProject
Global
	GlobalSection(SolutionConfigurationPlatforms) = preSolution
		Debug|Any CPU = Debug|Any CPU
		Release|Any CPU = Release|Any CPU
	EndGlobalSection
	GlobalSection(ProjectConfigurationPlatforms) = postSolution
		{2EC368AE-130B-4527-A3EB-7395291BF970}.Debug|Any CPU.ActiveCfg = Debug|Any CPU
		{2EC368AE-130B-4527-A3EB-7395291BF970}.Debug|Any CPU.Build.0 = Debug|Any CPU
		{2EC368AE-130B-4527-A3EB-7395291BF970}.Release|Any CPU.ActiveCfg = Release|Any CPU
		{2EC368AE-130B-4527-A3EB-7395291BF970}.Release|Any CPU.Build.0 = Release|Any CPU
	EndGlobalSection
	GlobalSection(SolutionProperties) = preSolution
		HideSolutionNode = FALSE
	EndGlobalSection
	GlobalSection(ExtensibilityGlobals) = postSolution
		SolutionGuid = {0BF751CC-9059-4F01-9014-641669FF4272}
	EndGlobalSection
EndGlobal
